
Microsoft Visual Studio Solution File, Format Version 12.00
# Visual Studio Version 17
VisualStudioVersion = 17.5.33530.505
MinimumVisualStudioVersion = 10.0.40219.1
Project("{9A19103F-16F7-4668-BE54-9A1E7A4F7556}") = "CleanChat.Domain", "CleanChat.Domain\CleanChat.Domain.csproj", "{9B35AA23-0121-4EDE-8F53-0FC5961D5306}"
EndProject
Project("{9A19103F-16F7-4668-BE54-9A1E7A4F7556}") = "CleanChat.Infrastructure", "CleanChat.Infrastructure\CleanChat.Infrastructure.csproj", "{863D9E44-CC63-45B6-90A6-F3FA59221393}"
EndProject
Project("{9A19103F-16F7-4668-BE54-9A1E7A4F7556}") = "CleanChat.API", "CleanChat.API\CleanChat.API.csproj", "{4F49B57F-D835-450B-A22F-47CC590520B5}"
EndProject
Project("{9A19103F-16F7-4668-BE54-9A1E7A4F7556}") = "CleanChat.Application", "CleanChat.Application\CleanChat.Application.csproj", "{DABFEEFA-9164-43DA-8525-7E8CDD23A6A7}"
EndProject
Project("{9A19103F-16F7-4668-BE54-9A1E7A4F7556}") = "CleanChat.API.Tests", "CleanChat.API.Tests\CleanChat.API.Tests.csproj", "{3CFCB59D-C6F0-40A9-B85D-40F2972B78C7}"
EndProject
Project("{9A19103F-16F7-4668-BE54-9A1E7A4F7556}") = "CleanChat.Application.Tests", "CleanChat.Application.Tests\CleanChat.Application.Tests.csproj", "{4389601C-B37E-4918-BECD-40D4FF4FA685}"
EndProject
Project("{9A19103F-16F7-4668-BE54-9A1E7A4F7556}") = "CleanChat.Web", "CleanChat.Web\CleanChat.Web.csproj", "{D45FAA91-D35B-444C-8FD8-71CB5A4454C0}"
EndProject
Global
	GlobalSection(SolutionConfigurationPlatforms) = preSolution
		Debug|Any CPU = Debug|Any CPU
		Release|Any CPU = Release|Any CPU
	EndGlobalSection
	GlobalSection(ProjectConfigurationPlatforms) = postSolution
		{9B35AA23-0121-4EDE-8F53-0FC5961D5306}.Debug|Any CPU.ActiveCfg = Debug|Any CPU
		{9B35AA23-0121-4EDE-8F53-0FC5961D5306}.Debug|Any CPU.Build.0 = Debug|Any CPU
		{9B35AA23-0121-4EDE-8F53-0FC5961D5306}.Release|Any CPU.ActiveCfg = Release|Any CPU
		{9B35AA23-0121-4EDE-8F53-0FC5961D5306}.Release|Any CPU.Build.0 = Release|Any CPU
		{863D9E44-CC63-45B6-90A6-F3FA59221393}.Debug|Any CPU.ActiveCfg = Debug|Any CPU
		{863D9E44-CC63-45B6-90A6-F3FA59221393}.Debug|Any CPU.Build.0 = Debug|Any CPU
		{863D9E44-CC63-45B6-90A6-F3FA59221393}.Release|Any CPU.ActiveCfg = Release|Any CPU
		{863D9E44-CC63-45B6-90A6-F3FA59221393}.Release|Any CPU.Build.0 = Release|Any CPU
		{4F49B57F-D835-450B-A22F-47CC590520B5}.Debug|Any CPU.ActiveCfg = Release|Any CPU
		{4F49B57F-D835-450B-A22F-47CC590520B5}.Debug|Any CPU.Build.0 = Release|Any CPU
		{4F49B57F-D835-450B-A22F-47CC590520B5}.Release|Any CPU.ActiveCfg = Release|Any CPU
		{4F49B57F-D835-450B-A22F-47CC590520B5}.Release|Any CPU.Build.0 = Release|Any CPU
		{DABFEEFA-9164-43DA-8525-7E8CDD23A6A7}.Debug|Any CPU.ActiveCfg = Debug|Any CPU
		{DABFEEFA-9164-43DA-8525-7E8CDD23A6A7}.Debug|Any CPU.Build.0 = Debug|Any CPU
		{DABFEEFA-9164-43DA-8525-7E8CDD23A6A7}.Release|Any CPU.ActiveCfg = Release|Any CPU
		{DABFEEFA-9164-43DA-8525-7E8CDD23A6A7}.Release|Any CPU.Build.0 = Release|Any CPU
		{3CFCB59D-C6F0-40A9-B85D-40F2972B78C7}.Debug|Any CPU.ActiveCfg = Debug|Any CPU
		{3CFCB59D-C6F0-40A9-B85D-40F2972B78C7}.Debug|Any CPU.Build.0 = Debug|Any CPU
		{3CFCB59D-C6F0-40A9-B85D-40F2972B78C7}.Release|Any CPU.ActiveCfg = Release|Any CPU
		{3CFCB59D-C6F0-40A9-B85D-40F2972B78C7}.Release|Any CPU.Build.0 = Release|Any CPU
		{4389601C-B37E-4918-BECD-40D4FF4FA685}.Debug|Any CPU.ActiveCfg = Debug|Any CPU
		{4389601C-B37E-4918-BECD-40D4FF4FA685}.Debug|Any CPU.Build.0 = Debug|Any CPU
		{4389601C-B37E-4918-BECD-40D4FF4FA685}.Release|Any CPU.ActiveCfg = Release|Any CPU
		{4389601C-B37E-4918-BECD-40D4FF4FA685}.Release|Any CPU.Build.0 = Release|Any CPU
		{D45FAA91-D35B-444C-8FD8-71CB5A4454C0}.Debug|Any CPU.ActiveCfg = Debug|Any CPU
		{D45FAA91-D35B-444C-8FD8-71CB5A4454C0}.Debug|Any CPU.Build.0 = Debug|Any CPU
		{D45FAA91-D35B-444C-8FD8-71CB5A4454C0}.Release|Any CPU.ActiveCfg = Release|Any CPU
		{D45FAA91-D35B-444C-8FD8-71CB5A4454C0}.Release|Any CPU.Build.0 = Release|Any CPU
	EndGlobalSection
	GlobalSection(SolutionProperties) = preSolution
		HideSolutionNode = FALSE
	EndGlobalSection
	GlobalSection(ExtensibilityGlobals) = postSolution
		SolutionGuid = {394C1750-6C4D-4ADF-A51A-1EFE2D20D236}
	EndGlobalSection
EndGlobal
