
Microsoft Visual Studio Solution File, Format Version 12.00
# Visual Studio Version 17
VisualStudioVersion = 17.5.33530.505
MinimumVisualStudioVersion = 10.0.40219.1
Project("{9A19103F-16F7-4668-BE54-9A1E7A4F7556}") = "CleanChat.Domain", "CleanChat.Domain\CleanChat.Domain.csproj", "{9B35AA23-0121-4EDE-8F53-0FC5961D5306}"
EndProject
Project("{9A19103F-16F7-4668-BE54-9A1E7A4F7556}") = "CleanChat.Application", "CleanChat.Application\CleanChat.Application.csproj", "{11B85023-1498-4945-9C71-79AB79486BC2}"
EndProject
Project("{9A19103F-16F7-4668-BE54-9A1E7A4F7556}") = "CleanChat.Infrastructure", "CleanChat.Infrastructure\CleanChat.Infrastructure.csproj", "{863D9E44-CC63-45B6-90A6-F3FA59221393}"
EndProject
Project("{9A19103F-16F7-4668-BE54-9A1E7A4F7556}") = "CleanChat.API", "CleanChat.API\CleanChat.API.csproj", "{4F49B57F-D835-450B-A22F-47CC590520B5}"
EndProject
Project("{9A19103F-16F7-4668-BE54-9A1E7A4F7556}") = "CleanChat.Web", "CleanChat.Web\CleanChat.Web.csproj", "{3FEA35CC-ED0B-4075-B08C-9B2CE431B41C}"
EndProject
Project("{FAE04EC0-301F-11D3-BF4B-00C04F79EFBC}") = "Socketchat", "Socketchat\Socketchat.csproj", "{331C873C-E3E7-4B64-B26D-05937D3CB142}"
EndProject
Global
	GlobalSection(SolutionConfigurationPlatforms) = preSolution
		Debug|Any CPU = Debug|Any CPU
		Release|Any CPU = Release|Any CPU
	EndGlobalSection
	GlobalSection(ProjectConfigurationPlatforms) = postSolution
		{9B35AA23-0121-4EDE-8F53-0FC5961D5306}.Debug|Any CPU.ActiveCfg = Debug|Any CPU
		{9B35AA23-0121-4EDE-8F53-0FC5961D5306}.Debug|Any CPU.Build.0 = Debug|Any CPU
		{9B35AA23-0121-4EDE-8F53-0FC5961D5306}.Release|Any CPU.ActiveCfg = Release|Any CPU
		{9B35AA23-0121-4EDE-8F53-0FC5961D5306}.Release|Any CPU.Build.0 = Release|Any CPU
		{11B85023-1498-4945-9C71-79AB79486BC2}.Debug|Any CPU.ActiveCfg = Debug|Any CPU
		{11B85023-1498-4945-9C71-79AB79486BC2}.Debug|Any CPU.Build.0 = Debug|Any CPU
		{11B85023-1498-4945-9C71-79AB79486BC2}.Release|Any CPU.ActiveCfg = Release|Any CPU
		{11B85023-1498-4945-9C71-79AB79486BC2}.Release|Any CPU.Build.0 = Release|Any CPU
		{863D9E44-CC63-45B6-90A6-F3FA59221393}.Debug|Any CPU.ActiveCfg = Debug|Any CPU
		{863D9E44-CC63-45B6-90A6-F3FA59221393}.Debug|Any CPU.Build.0 = Debug|Any CPU
		{863D9E44-CC63-45B6-90A6-F3FA59221393}.Release|Any CPU.ActiveCfg = Release|Any CPU
		{863D9E44-CC63-45B6-90A6-F3FA59221393}.Release|Any CPU.Build.0 = Release|Any CPU
		{4F49B57F-D835-450B-A22F-47CC590520B5}.Debug|Any CPU.ActiveCfg = Debug|Any CPU
		{4F49B57F-D835-450B-A22F-47CC590520B5}.Debug|Any CPU.Build.0 = Debug|Any CPU
		{4F49B57F-D835-450B-A22F-47CC590520B5}.Release|Any CPU.ActiveCfg = Release|Any CPU
		{4F49B57F-D835-450B-A22F-47CC590520B5}.Release|Any CPU.Build.0 = Release|Any CPU
		{3FEA35CC-ED0B-4075-B08C-9B2CE431B41C}.Debug|Any CPU.ActiveCfg = Debug|Any CPU
		{3FEA35CC-ED0B-4075-B08C-9B2CE431B41C}.Debug|Any CPU.Build.0 = Debug|Any CPU
		{3FEA35CC-ED0B-4075-B08C-9B2CE431B41C}.Release|Any CPU.ActiveCfg = Release|Any CPU
		{3FEA35CC-ED0B-4075-B08C-9B2CE431B41C}.Release|Any CPU.Build.0 = Release|Any CPU
		{331C873C-E3E7-4B64-B26D-05937D3CB142}.Debug|Any CPU.ActiveCfg = Debug|Any CPU
		{331C873C-E3E7-4B64-B26D-05937D3CB142}.Debug|Any CPU.Build.0 = Debug|Any CPU
		{331C873C-E3E7-4B64-B26D-05937D3CB142}.Release|Any CPU.ActiveCfg = Release|Any CPU
		{331C873C-E3E7-4B64-B26D-05937D3CB142}.Release|Any CPU.Build.0 = Release|Any CPU
	EndGlobalSection
	GlobalSection(SolutionProperties) = preSolution
		HideSolutionNode = FALSE
	EndGlobalSection
	GlobalSection(ExtensibilityGlobals) = postSolution
		SolutionGuid = {394C1750-6C4D-4ADF-A51A-1EFE2D20D236}
	EndGlobalSection
EndGlobal
